
Microsoft Visual Studio Solution File, Format Version 12.00
# Visual Studio Version 17
VisualStudioVersion = 17.9.34728.123
MinimumVisualStudioVersion = 10.0.40219.1
Project("{FAE04EC0-301F-11D3-BF4B-00C04F79EFBC}") = "WCFServer1", "WCFServer1.csproj", "{2CBADA22-50CC-4889-BA2C-69141B02535B}"
EndProject
Global
	GlobalSection(SolutionConfigurationPlatforms) = preSolution
		Debug|Any CPU = Debug|Any CPU
		Release|Any CPU = Release|Any CPU
	EndGlobalSection
	GlobalSection(ProjectConfigurationPlatforms) = postSolution
		{2CBADA22-50CC-4889-BA2C-69141B02535B}.Debug|Any CPU.ActiveCfg = Debug|Any CPU
		{2CBADA22-50CC-4889-BA2C-69141B02535B}.Debug|Any CPU.Build.0 = Debug|Any CPU
		{2CBADA22-50CC-4889-BA2C-69141B02535B}.Release|Any CPU.ActiveCfg = Release|Any CPU
		{2CBADA22-50CC-4889-BA2C-69141B02535B}.Release|Any CPU.Build.0 = Release|Any CPU
	EndGlobalSection
	GlobalSection(SolutionProperties) = preSolution
		HideSolutionNode = FALSE
	EndGlobalSection
	GlobalSection(ExtensibilityGlobals) = postSolution
		SolutionGuid = {BA1CA2CC-636D-46CF-AE8E-0EFC23B63F6C}
	EndGlobalSection
EndGlobal
